
Microsoft Visual Studio Solution File, Format Version 12.00
# Visual Studio Version 16
VisualStudioVersion = 16.0.31729.503
MinimumVisualStudioVersion = 10.0.40219.1
Project("{FAE04EC0-301F-11D3-BF4B-00C04F79EFBC}") = "Angular", "Angular\Angular.csproj", "{DB8A406E-C81F-422F-BC5E-3CBCB90AEC3B}"
EndProject
Global
	GlobalSection(SolutionConfigurationPlatforms) = preSolution
		Debug|Any CPU = Debug|Any CPU
		Release|Any CPU = Release|Any CPU
	EndGlobalSection
	GlobalSection(ProjectConfigurationPlatforms) = postSolution
		{DB8A406E-C81F-422F-BC5E-3CBCB90AEC3B}.Debug|Any CPU.ActiveCfg = Debug|Any CPU
		{DB8A406E-C81F-422F-BC5E-3CBCB90AEC3B}.Debug|Any CPU.Build.0 = Debug|Any CPU
		{DB8A406E-C81F-422F-BC5E-3CBCB90AEC3B}.Release|Any CPU.ActiveCfg = Release|Any CPU
		{DB8A406E-C81F-422F-BC5E-3CBCB90AEC3B}.Release|Any CPU.Build.0 = Release|Any CPU
	EndGlobalSection
	GlobalSection(SolutionProperties) = preSolution
		HideSolutionNode = FALSE
	EndGlobalSection
	GlobalSection(ExtensibilityGlobals) = postSolution
		SolutionGuid = {3EE6E1D1-9A4D-44BE-9866-0C14FE83EE71}
	EndGlobalSection
EndGlobal
